
Microsoft Visual Studio Solution File, Format Version 12.00
# Visual Studio 15
VisualStudioVersion = 15.0.28307.1321
MinimumVisualStudioVersion = 10.0.40219.1
Project("{FAE04EC0-301F-11D3-BF4B-00C04F79EFBC}") = "MvcHLproje", "MvcHLproje\MvcHLproje.csproj", "{CE3E9E1C-06EC-4761-B57D-0DA10449CC7D}"
EndProject
Global
	GlobalSection(SolutionConfigurationPlatforms) = preSolution
		Debug|Any CPU = Debug|Any CPU
		Release|Any CPU = Release|Any CPU
	EndGlobalSection
	GlobalSection(ProjectConfigurationPlatforms) = postSolution
		{CE3E9E1C-06EC-4761-B57D-0DA10449CC7D}.Debug|Any CPU.ActiveCfg = Debug|Any CPU
		{CE3E9E1C-06EC-4761-B57D-0DA10449CC7D}.Debug|Any CPU.Build.0 = Debug|Any CPU
		{CE3E9E1C-06EC-4761-B57D-0DA10449CC7D}.Release|Any CPU.ActiveCfg = Release|Any CPU
		{CE3E9E1C-06EC-4761-B57D-0DA10449CC7D}.Release|Any CPU.Build.0 = Release|Any CPU
	EndGlobalSection
	GlobalSection(SolutionProperties) = preSolution
		HideSolutionNode = FALSE
	EndGlobalSection
	GlobalSection(ExtensibilityGlobals) = postSolution
		SolutionGuid = {53FE09BA-D6D8-4094-BDA0-2C5ED7F5613D}
	EndGlobalSection
EndGlobal
